// !$*UTF8*$!
{
	archiveVersion = 1;
	classes = {
	};
	objectVersion = 50;
	objects = {

/* Begin PBXBuildFile section */
		5D6FB41725609B2200300FC7 /* WhileStatementParser.swift in Sources */ = {isa = PBXBuildFile; fileRef = 5D6FB41625609B2200300FC7 /* WhileStatementParser.swift */; };
		5D6FB41A25609F7200300FC7 /* WhileStatement.swift in Sources */ = {isa = PBXBuildFile; fileRef = 5D6FB41925609F7200300FC7 /* WhileStatement.swift */; };
		5D8F1C67254AE19000BA90A7 /* main.swift in Sources */ = {isa = PBXBuildFile; fileRef = 5D8F1C66254AE19000BA90A7 /* main.swift */; };
		5D8F1C8B254AE24D00BA90A7 /* Lexer.swift in Sources */ = {isa = PBXBuildFile; fileRef = 5D8F1C73254AE24D00BA90A7 /* Lexer.swift */; };
		5D8F1C8C254AE24D00BA90A7 /* TreePrinter.swift in Sources */ = {isa = PBXBuildFile; fileRef = 5D8F1C74254AE24D00BA90A7 /* TreePrinter.swift */; };
		5D8F1C8D254AE24D00BA90A7 /* ReturnStatement.swift in Sources */ = {isa = PBXBuildFile; fileRef = 5D8F1C76254AE24D00BA90A7 /* ReturnStatement.swift */; };
		5D8F1C8E254AE24D00BA90A7 /* InfixOperation.swift in Sources */ = {isa = PBXBuildFile; fileRef = 5D8F1C77254AE24D00BA90A7 /* InfixOperation.swift */; };
		5D8F1C8F254AE24D00BA90A7 /* CodeBlock.swift in Sources */ = {isa = PBXBuildFile; fileRef = 5D8F1C78254AE24D00BA90A7 /* CodeBlock.swift */; };
		5D8F1C90254AE24D00BA90A7 /* Number.swift in Sources */ = {isa = PBXBuildFile; fileRef = 5D8F1C79254AE24D00BA90A7 /* Number.swift */; };
		5D8F1C91254AE24D00BA90A7 /* PrefixOperation.swift in Sources */ = {isa = PBXBuildFile; fileRef = 5D8F1C7A254AE24D00BA90A7 /* PrefixOperation.swift */; };
		5D8F1C92254AE24D00BA90A7 /* IfStatement.swift in Sources */ = {isa = PBXBuildFile; fileRef = 5D8F1C7B254AE24D00BA90A7 /* IfStatement.swift */; };
		5D8F1C93254AE24D00BA90A7 /* Variable.swift in Sources */ = {isa = PBXBuildFile; fileRef = 5D8F1C7C254AE24D00BA90A7 /* Variable.swift */; };
		5D8F1C94254AE24D00BA90A7 /* Function.swift in Sources */ = {isa = PBXBuildFile; fileRef = 5D8F1C7D254AE24D00BA90A7 /* Function.swift */; };
		5D8F1C95254AE24D00BA90A7 /* VariableIdentifier.swift in Sources */ = {isa = PBXBuildFile; fileRef = 5D8F1C7E254AE24D00BA90A7 /* VariableIdentifier.swift */; };
		5D8F1C96254AE24D00BA90A7 /* Variables.swift in Sources */ = {isa = PBXBuildFile; fileRef = 5D8F1C7F254AE24D00BA90A7 /* Variables.swift */; };
		5D8F1C97254AE24D00BA90A7 /* Parser+Helpers.swift in Sources */ = {isa = PBXBuildFile; fileRef = 5D8F1C81254AE24D00BA90A7 /* Parser+Helpers.swift */; };
		5D8F1C98254AE24D00BA90A7 /* IfStatementParser.swift in Sources */ = {isa = PBXBuildFile; fileRef = 5D8F1C82254AE24D00BA90A7 /* IfStatementParser.swift */; };
		5D8F1C99254AE24D00BA90A7 /* DeclarationParser.swift in Sources */ = {isa = PBXBuildFile; fileRef = 5D8F1C83254AE24D00BA90A7 /* DeclarationParser.swift */; };
		5D8F1C9A254AE24D00BA90A7 /* ExpressionParser.swift in Sources */ = {isa = PBXBuildFile; fileRef = 5D8F1C84254AE24D00BA90A7 /* ExpressionParser.swift */; };
		5D8F1C9B254AE24D00BA90A7 /* Parser.swift in Sources */ = {isa = PBXBuildFile; fileRef = 5D8F1C85254AE24D00BA90A7 /* Parser.swift */; };
		5D8F1C9C254AE24D00BA90A7 /* CodeBlockParesr.swift in Sources */ = {isa = PBXBuildFile; fileRef = 5D8F1C86254AE24D00BA90A7 /* CodeBlockParesr.swift */; };
		5D8F1C9D254AE24D00BA90A7 /* Parser+ErrorExtension.swift in Sources */ = {isa = PBXBuildFile; fileRef = 5D8F1C87254AE24D00BA90A7 /* Parser+ErrorExtension.swift */; };
		5D8F1C9E254AE24D00BA90A7 /* Extensions.swift in Sources */ = {isa = PBXBuildFile; fileRef = 5D8F1C88254AE24D00BA90A7 /* Extensions.swift */; };
		5D8F1C9F254AE24D00BA90A7 /* Token.swift in Sources */ = {isa = PBXBuildFile; fileRef = 5D8F1C89254AE24D00BA90A7 /* Token.swift */; };
		5D8F1CA0254AE24D00BA90A7 /* Testing.swift in Sources */ = {isa = PBXBuildFile; fileRef = 5D8F1C8A254AE24D00BA90A7 /* Testing.swift */; };
/* End PBXBuildFile section */

/* Begin PBXCopyFilesBuildPhase section */
		5D8F1C61254AE19000BA90A7 /* CopyFiles */ = {
			isa = PBXCopyFilesBuildPhase;
			buildActionMask = 2147483647;
			dstPath = /usr/share/man/man1/;
			dstSubfolderSpec = 0;
			files = (
			);
			runOnlyForDeploymentPostprocessing = 1;
		};
/* End PBXCopyFilesBuildPhase section */

/* Begin PBXFileReference section */
		5D6FB41625609B2200300FC7 /* WhileStatementParser.swift */ = {isa = PBXFileReference; lastKnownFileType = sourcecode.swift; path = WhileStatementParser.swift; sourceTree = "<group>"; };
		5D6FB41925609F7200300FC7 /* WhileStatement.swift */ = {isa = PBXFileReference; lastKnownFileType = sourcecode.swift; path = WhileStatement.swift; sourceTree = "<group>"; };
		5D8F1C63254AE19000BA90A7 /* Compiler */ = {isa = PBXFileReference; explicitFileType = "compiled.mach-o.executable"; includeInIndex = 0; path = Compiler; sourceTree = BUILT_PRODUCTS_DIR; };
		5D8F1C66254AE19000BA90A7 /* main.swift */ = {isa = PBXFileReference; lastKnownFileType = sourcecode.swift; path = main.swift; sourceTree = "<group>"; };
		5D8F1C73254AE24D00BA90A7 /* Lexer.swift */ = {isa = PBXFileReference; fileEncoding = 4; lastKnownFileType = sourcecode.swift; path = Lexer.swift; sourceTree = "<group>"; };
		5D8F1C74254AE24D00BA90A7 /* TreePrinter.swift */ = {isa = PBXFileReference; fileEncoding = 4; lastKnownFileType = sourcecode.swift; path = TreePrinter.swift; sourceTree = "<group>"; };
		5D8F1C76254AE24D00BA90A7 /* ReturnStatement.swift */ = {isa = PBXFileReference; fileEncoding = 4; lastKnownFileType = sourcecode.swift; path = ReturnStatement.swift; sourceTree = "<group>"; };
		5D8F1C77254AE24D00BA90A7 /* InfixOperation.swift */ = {isa = PBXFileReference; fileEncoding = 4; lastKnownFileType = sourcecode.swift; path = InfixOperation.swift; sourceTree = "<group>"; };
		5D8F1C78254AE24D00BA90A7 /* CodeBlock.swift */ = {isa = PBXFileReference; fileEncoding = 4; lastKnownFileType = sourcecode.swift; path = CodeBlock.swift; sourceTree = "<group>"; };
		5D8F1C79254AE24D00BA90A7 /* Number.swift */ = {isa = PBXFileReference; fileEncoding = 4; lastKnownFileType = sourcecode.swift; path = Number.swift; sourceTree = "<group>"; };
		5D8F1C7A254AE24D00BA90A7 /* PrefixOperation.swift */ = {isa = PBXFileReference; fileEncoding = 4; lastKnownFileType = sourcecode.swift; path = PrefixOperation.swift; sourceTree = "<group>"; };
		5D8F1C7B254AE24D00BA90A7 /* IfStatement.swift */ = {isa = PBXFileReference; fileEncoding = 4; lastKnownFileType = sourcecode.swift; path = IfStatement.swift; sourceTree = "<group>"; };
		5D8F1C7C254AE24D00BA90A7 /* Variable.swift */ = {isa = PBXFileReference; fileEncoding = 4; lastKnownFileType = sourcecode.swift; path = Variable.swift; sourceTree = "<group>"; };
		5D8F1C7D254AE24D00BA90A7 /* Function.swift */ = {isa = PBXFileReference; fileEncoding = 4; lastKnownFileType = sourcecode.swift; path = Function.swift; sourceTree = "<group>"; };
		5D8F1C7E254AE24D00BA90A7 /* VariableIdentifier.swift */ = {isa = PBXFileReference; fileEncoding = 4; lastKnownFileType = sourcecode.swift; path = VariableIdentifier.swift; sourceTree = "<group>"; };
		5D8F1C7F254AE24D00BA90A7 /* Variables.swift */ = {isa = PBXFileReference; fileEncoding = 4; lastKnownFileType = sourcecode.swift; path = Variables.swift; sourceTree = "<group>"; };
		5D8F1C81254AE24D00BA90A7 /* Parser+Helpers.swift */ = {isa = PBXFileReference; fileEncoding = 4; lastKnownFileType = sourcecode.swift; path = "Parser+Helpers.swift"; sourceTree = "<group>"; };
		5D8F1C82254AE24D00BA90A7 /* IfStatementParser.swift */ = {isa = PBXFileReference; fileEncoding = 4; lastKnownFileType = sourcecode.swift; path = IfStatementParser.swift; sourceTree = "<group>"; };
		5D8F1C83254AE24D00BA90A7 /* DeclarationParser.swift */ = {isa = PBXFileReference; fileEncoding = 4; lastKnownFileType = sourcecode.swift; path = DeclarationParser.swift; sourceTree = "<group>"; };
		5D8F1C84254AE24D00BA90A7 /* ExpressionParser.swift */ = {isa = PBXFileReference; fileEncoding = 4; lastKnownFileType = sourcecode.swift; path = ExpressionParser.swift; sourceTree = "<group>"; };
		5D8F1C85254AE24D00BA90A7 /* Parser.swift */ = {isa = PBXFileReference; fileEncoding = 4; lastKnownFileType = sourcecode.swift; path = Parser.swift; sourceTree = "<group>"; };
		5D8F1C86254AE24D00BA90A7 /* CodeBlockParesr.swift */ = {isa = PBXFileReference; fileEncoding = 4; lastKnownFileType = sourcecode.swift; path = CodeBlockParesr.swift; sourceTree = "<group>"; };
		5D8F1C87254AE24D00BA90A7 /* Parser+ErrorExtension.swift */ = {isa = PBXFileReference; fileEncoding = 4; lastKnownFileType = sourcecode.swift; path = "Parser+ErrorExtension.swift"; sourceTree = "<group>"; };
		5D8F1C88254AE24D00BA90A7 /* Extensions.swift */ = {isa = PBXFileReference; fileEncoding = 4; lastKnownFileType = sourcecode.swift; path = Extensions.swift; sourceTree = "<group>"; };
		5D8F1C89254AE24D00BA90A7 /* Token.swift */ = {isa = PBXFileReference; fileEncoding = 4; lastKnownFileType = sourcecode.swift; path = Token.swift; sourceTree = "<group>"; };
		5D8F1C8A254AE24D00BA90A7 /* Testing.swift */ = {isa = PBXFileReference; fileEncoding = 4; lastKnownFileType = sourcecode.swift; path = Testing.swift; sourceTree = "<group>"; };
		5D8F1CA3254AE36800BA90A7 /* CMakeLists.txt */ = {isa = PBXFileReference; lastKnownFileType = text; path = CMakeLists.txt; sourceTree = "<group>"; };
/* End PBXFileReference section */

/* Begin PBXFrameworksBuildPhase section */
		5D8F1C60254AE19000BA90A7 /* Frameworks */ = {
			isa = PBXFrameworksBuildPhase;
			buildActionMask = 2147483647;
			files = (
			);
			runOnlyForDeploymentPostprocessing = 0;
		};
/* End PBXFrameworksBuildPhase section */

/* Begin PBXGroup section */
		5D8F1C5A254AE19000BA90A7 = {
			isa = PBXGroup;
			children = (
				5D8F1C65254AE19000BA90A7 /* Compiler */,
				5D8F1C64254AE19000BA90A7 /* Products */,
			);
			sourceTree = "<group>";
		};
		5D8F1C64254AE19000BA90A7 /* Products */ = {
			isa = PBXGroup;
			children = (
				5D8F1C63254AE19000BA90A7 /* Compiler */,
			);
			name = Products;
			sourceTree = "<group>";
		};
		5D8F1C65254AE19000BA90A7 /* Compiler */ = {
			isa = PBXGroup;
			children = (
				5D8F1C66254AE19000BA90A7 /* main.swift */,
				5D8F1C72254AE24D00BA90A7 /* Compiler */,
				5D8F1C8A254AE24D00BA90A7 /* Testing.swift */,
				5D8F1CA3254AE36800BA90A7 /* CMakeLists.txt */,
			);
			path = Compiler;
			sourceTree = "<group>";
		};
		5D8F1C72254AE24D00BA90A7 /* Compiler */ = {
			isa = PBXGroup;
			children = (
				5D8F1C73254AE24D00BA90A7 /* Lexer.swift */,
				5D8F1C80254AE24D00BA90A7 /* Parser */,
				5D8F1C75254AE24D00BA90A7 /* Nodes */,
				5D8F1C7F254AE24D00BA90A7 /* Variables.swift */,
				5D8F1C88254AE24D00BA90A7 /* Extensions.swift */,
				5D8F1C89254AE24D00BA90A7 /* Token.swift */,
				5D8F1C74254AE24D00BA90A7 /* TreePrinter.swift */,
			);
			path = Compiler;
			sourceTree = "<group>";
		};
		5D8F1C75254AE24D00BA90A7 /* Nodes */ = {
			isa = PBXGroup;
			children = (
				5D8F1C78254AE24D00BA90A7 /* CodeBlock.swift */,
				5D8F1C7D254AE24D00BA90A7 /* Function.swift */,
				5D8F1C76254AE24D00BA90A7 /* ReturnStatement.swift */,
				5D8F1C7B254AE24D00BA90A7 /* IfStatement.swift */,
				5D6FB41925609F7200300FC7 /* WhileStatement.swift */,
				5D8F1C77254AE24D00BA90A7 /* InfixOperation.swift */,
				5D8F1C7A254AE24D00BA90A7 /* PrefixOperation.swift */,
				5D8F1C7C254AE24D00BA90A7 /* Variable.swift */,
				5D8F1C79254AE24D00BA90A7 /* Number.swift */,
				5D8F1C7E254AE24D00BA90A7 /* VariableIdentifier.swift */,
			);
			path = Nodes;
			sourceTree = "<group>";
		};
		5D8F1C80254AE24D00BA90A7 /* Parser */ = {
			isa = PBXGroup;
			children = (
				5D8F1C85254AE24D00BA90A7 /* Parser.swift */,
				5D8F1C86254AE24D00BA90A7 /* CodeBlockParesr.swift */,
				5D8F1C83254AE24D00BA90A7 /* DeclarationParser.swift */,
				5D8F1C82254AE24D00BA90A7 /* IfStatementParser.swift */,
				5D6FB41625609B2200300FC7 /* WhileStatementParser.swift */,
				5D8F1C84254AE24D00BA90A7 /* ExpressionParser.swift */,
				5D8F1C87254AE24D00BA90A7 /* Parser+ErrorExtension.swift */,
				5D8F1C81254AE24D00BA90A7 /* Parser+Helpers.swift */,
			);
			path = Parser;
			sourceTree = "<group>";
		};
/* End PBXGroup section */

/* Begin PBXNativeTarget section */
		5D8F1C62254AE19000BA90A7 /* Compiler */ = {
			isa = PBXNativeTarget;
			buildConfigurationList = 5D8F1C6A254AE19000BA90A7 /* Build configuration list for PBXNativeTarget "Compiler" */;
			buildPhases = (
				5D8F1C5F254AE19000BA90A7 /* Sources */,
				5D8F1C60254AE19000BA90A7 /* Frameworks */,
				5D8F1C61254AE19000BA90A7 /* CopyFiles */,
			);
			buildRules = (
			);
			dependencies = (
			);
			name = Compiler;
			productName = Compiler;
			productReference = 5D8F1C63254AE19000BA90A7 /* Compiler */;
			productType = "com.apple.product-type.tool";
		};
/* End PBXNativeTarget section */

/* Begin PBXProject section */
		5D8F1C5B254AE19000BA90A7 /* Project object */ = {
			isa = PBXProject;
			attributes = {
				LastSwiftUpdateCheck = 1200;
				LastUpgradeCheck = 1200;
				TargetAttributes = {
					5D8F1C62254AE19000BA90A7 = {
						CreatedOnToolsVersion = 12.0;
					};
				};
			};
			buildConfigurationList = 5D8F1C5E254AE19000BA90A7 /* Build configuration list for PBXProject "Compiler" */;
			compatibilityVersion = "Xcode 9.3";
			developmentRegion = en;
			hasScannedForEncodings = 0;
			knownRegions = (
				en,
				Base,
			);
			mainGroup = 5D8F1C5A254AE19000BA90A7;
			productRefGroup = 5D8F1C64254AE19000BA90A7 /* Products */;
			projectDirPath = "";
			projectRoot = "";
			targets = (
				5D8F1C62254AE19000BA90A7 /* Compiler */,
			);
		};
/* End PBXProject section */

/* Begin PBXSourcesBuildPhase section */
		5D8F1C5F254AE19000BA90A7 /* Sources */ = {
			isa = PBXSourcesBuildPhase;
			buildActionMask = 2147483647;
			files = (
				5D6FB41725609B2200300FC7 /* WhileStatementParser.swift in Sources */,
				5D8F1C98254AE24D00BA90A7 /* IfStatementParser.swift in Sources */,
				5D8F1C9D254AE24D00BA90A7 /* Parser+ErrorExtension.swift in Sources */,
				5D6FB41A25609F7200300FC7 /* WhileStatement.swift in Sources */,
				5D8F1C8F254AE24D00BA90A7 /* CodeBlock.swift in Sources */,
				5D8F1C90254AE24D00BA90A7 /* Number.swift in Sources */,
				5D8F1C8E254AE24D00BA90A7 /* InfixOperation.swift in Sources */,
				5D8F1C92254AE24D00BA90A7 /* IfStatement.swift in Sources */,
				5D8F1C99254AE24D00BA90A7 /* DeclarationParser.swift in Sources */,
				5D8F1C9F254AE24D00BA90A7 /* Token.swift in Sources */,
				5D8F1C8C254AE24D00BA90A7 /* TreePrinter.swift in Sources */,
				5D8F1C8D254AE24D00BA90A7 /* ReturnStatement.swift in Sources */,
				5D8F1C97254AE24D00BA90A7 /* Parser+Helpers.swift in Sources */,
				5D8F1C96254AE24D00BA90A7 /* Variables.swift in Sources */,
				5D8F1C8B254AE24D00BA90A7 /* Lexer.swift in Sources */,
				5D8F1C67254AE19000BA90A7 /* main.swift in Sources */,
				5D8F1C9E254AE24D00BA90A7 /* Extensions.swift in Sources */,
				5D8F1C91254AE24D00BA90A7 /* PrefixOperation.swift in Sources */,
				5D8F1C9A254AE24D00BA90A7 /* ExpressionParser.swift in Sources */,
				5D8F1C9B254AE24D00BA90A7 /* Parser.swift in Sources */,
				5D8F1C9C254AE24D00BA90A7 /* CodeBlockParesr.swift in Sources */,
				5D8F1C93254AE24D00BA90A7 /* Variable.swift in Sources */,
				5D8F1CA0254AE24D00BA90A7 /* Testing.swift in Sources */,
				5D8F1C95254AE24D00BA90A7 /* VariableIdentifier.swift in Sources */,
				5D8F1C94254AE24D00BA90A7 /* Function.swift in Sources */,
			);
			runOnlyForDeploymentPostprocessing = 0;
		};
/* End PBXSourcesBuildPhase section */

/* Begin XCBuildConfiguration section */
		5D8F1C68254AE19000BA90A7 /* Debug */ = {
			isa = XCBuildConfiguration;
			buildSettings = {
				ALWAYS_SEARCH_USER_PATHS = NO;
				CLANG_ANALYZER_NONNULL = YES;
				CLANG_ANALYZER_NUMBER_OBJECT_CONVERSION = YES_AGGRESSIVE;
				CLANG_CXX_LANGUAGE_STANDARD = "gnu++14";
				CLANG_CXX_LIBRARY = "libc++";
				CLANG_ENABLE_MODULES = YES;
				CLANG_ENABLE_OBJC_ARC = YES;
				CLANG_ENABLE_OBJC_WEAK = YES;
				CLANG_WARN_BLOCK_CAPTURE_AUTORELEASING = YES;
				CLANG_WARN_BOOL_CONVERSION = YES;
				CLANG_WARN_COMMA = YES;
				CLANG_WARN_CONSTANT_CONVERSION = YES;
				CLANG_WARN_DEPRECATED_OBJC_IMPLEMENTATIONS = YES;
				CLANG_WARN_DIRECT_OBJC_ISA_USAGE = YES_ERROR;
				CLANG_WARN_DOCUMENTATION_COMMENTS = YES;
				CLANG_WARN_EMPTY_BODY = YES;
				CLANG_WARN_ENUM_CONVERSION = YES;
				CLANG_WARN_INFINITE_RECURSION = YES;
				CLANG_WARN_INT_CONVERSION = YES;
				CLANG_WARN_NON_LITERAL_NULL_CONVERSION = YES;
				CLANG_WARN_OBJC_IMPLICIT_RETAIN_SELF = YES;
				CLANG_WARN_OBJC_LITERAL_CONVERSION = YES;
				CLANG_WARN_OBJC_ROOT_CLASS = YES_ERROR;
				CLANG_WARN_QUOTED_INCLUDE_IN_FRAMEWORK_HEADER = YES;
				CLANG_WARN_RANGE_LOOP_ANALYSIS = YES;
				CLANG_WARN_STRICT_PROTOTYPES = YES;
				CLANG_WARN_SUSPICIOUS_MOVE = YES;
				CLANG_WARN_UNGUARDED_AVAILABILITY = YES_AGGRESSIVE;
				CLANG_WARN_UNREACHABLE_CODE = YES;
				CLANG_WARN__DUPLICATE_METHOD_MATCH = YES;
				COPY_PHASE_STRIP = NO;
				DEBUG_INFORMATION_FORMAT = dwarf;
				ENABLE_STRICT_OBJC_MSGSEND = YES;
				ENABLE_TESTABILITY = YES;
				GCC_C_LANGUAGE_STANDARD = gnu11;
				GCC_DYNAMIC_NO_PIC = NO;
				GCC_NO_COMMON_BLOCKS = YES;
				GCC_OPTIMIZATION_LEVEL = 0;
				GCC_PREPROCESSOR_DEFINITIONS = (
					"DEBUG=1",
					"$(inherited)",
				);
				GCC_WARN_64_TO_32_BIT_CONVERSION = YES;
				GCC_WARN_ABOUT_RETURN_TYPE = YES_ERROR;
				GCC_WARN_UNDECLARED_SELECTOR = YES;
				GCC_WARN_UNINITIALIZED_AUTOS = YES_AGGRESSIVE;
				GCC_WARN_UNUSED_FUNCTION = YES;
				GCC_WARN_UNUSED_VARIABLE = YES;
				MACOSX_DEPLOYMENT_TARGET = 10.15;
				MTL_ENABLE_DEBUG_INFO = INCLUDE_SOURCE;
				MTL_FAST_MATH = YES;
				ONLY_ACTIVE_ARCH = YES;
				SDKROOT = macosx;
				SWIFT_ACTIVE_COMPILATION_CONDITIONS = DEBUG;
				SWIFT_OPTIMIZATION_LEVEL = "-Onone";
			};
			name = Debug;
		};
		5D8F1C69254AE19000BA90A7 /* Release */ = {
			isa = XCBuildConfiguration;
			buildSettings = {
				ALWAYS_SEARCH_USER_PATHS = NO;
				CLANG_ANALYZER_NONNULL = YES;
				CLANG_ANALYZER_NUMBER_OBJECT_CONVERSION = YES_AGGRESSIVE;
				CLANG_CXX_LANGUAGE_STANDARD = "gnu++14";
				CLANG_CXX_LIBRARY = "libc++";
				CLANG_ENABLE_MODULES = YES;
				CLANG_ENABLE_OBJC_ARC = YES;
				CLANG_ENABLE_OBJC_WEAK = YES;
				CLANG_WARN_BLOCK_CAPTURE_AUTORELEASING = YES;
				CLANG_WARN_BOOL_CONVERSION = YES;
				CLANG_WARN_COMMA = YES;
				CLANG_WARN_CONSTANT_CONVERSION = YES;
				CLANG_WARN_DEPRECATED_OBJC_IMPLEMENTATIONS = YES;
				CLANG_WARN_DIRECT_OBJC_ISA_USAGE = YES_ERROR;
				CLANG_WARN_DOCUMENTATION_COMMENTS = YES;
				CLANG_WARN_EMPTY_BODY = YES;
				CLANG_WARN_ENUM_CONVERSION = YES;
				CLANG_WARN_INFINITE_RECURSION = YES;
				CLANG_WARN_INT_CONVERSION = YES;
				CLANG_WARN_NON_LITERAL_NULL_CONVERSION = YES;
				CLANG_WARN_OBJC_IMPLICIT_RETAIN_SELF = YES;
				CLANG_WARN_OBJC_LITERAL_CONVERSION = YES;
				CLANG_WARN_OBJC_ROOT_CLASS = YES_ERROR;
				CLANG_WARN_QUOTED_INCLUDE_IN_FRAMEWORK_HEADER = YES;
				CLANG_WARN_RANGE_LOOP_ANALYSIS = YES;
				CLANG_WARN_STRICT_PROTOTYPES = YES;
				CLANG_WARN_SUSPICIOUS_MOVE = YES;
				CLANG_WARN_UNGUARDED_AVAILABILITY = YES_AGGRESSIVE;
				CLANG_WARN_UNREACHABLE_CODE = YES;
				CLANG_WARN__DUPLICATE_METHOD_MATCH = YES;
				COPY_PHASE_STRIP = NO;
				DEBUG_INFORMATION_FORMAT = "dwarf-with-dsym";
				ENABLE_NS_ASSERTIONS = NO;
				ENABLE_STRICT_OBJC_MSGSEND = YES;
				GCC_C_LANGUAGE_STANDARD = gnu11;
				GCC_NO_COMMON_BLOCKS = YES;
				GCC_WARN_64_TO_32_BIT_CONVERSION = YES;
				GCC_WARN_ABOUT_RETURN_TYPE = YES_ERROR;
				GCC_WARN_UNDECLARED_SELECTOR = YES;
				GCC_WARN_UNINITIALIZED_AUTOS = YES_AGGRESSIVE;
				GCC_WARN_UNUSED_FUNCTION = YES;
				GCC_WARN_UNUSED_VARIABLE = YES;
				MACOSX_DEPLOYMENT_TARGET = 10.15;
				MTL_ENABLE_DEBUG_INFO = NO;
				MTL_FAST_MATH = YES;
				SDKROOT = macosx;
				SWIFT_COMPILATION_MODE = wholemodule;
				SWIFT_OPTIMIZATION_LEVEL = "-O";
			};
			name = Release;
		};
		5D8F1C6B254AE19000BA90A7 /* Debug */ = {
			isa = XCBuildConfiguration;
			buildSettings = {
				CODE_SIGN_STYLE = Automatic;
				DEVELOPMENT_TEAM = 7KFHN9UQ5P;
				ENABLE_HARDENED_RUNTIME = YES;
				PRODUCT_NAME = "$(TARGET_NAME)";
				SWIFT_VERSION = 5.0;
			};
			name = Debug;
		};
		5D8F1C6C254AE19000BA90A7 /* Release */ = {
			isa = XCBuildConfiguration;
			buildSettings = {
				CODE_SIGN_STYLE = Automatic;
				DEVELOPMENT_TEAM = 7KFHN9UQ5P;
				ENABLE_HARDENED_RUNTIME = YES;
				PRODUCT_NAME = "$(TARGET_NAME)";
				SWIFT_VERSION = 5.0;
			};
			name = Release;
		};
/* End XCBuildConfiguration section */

/* Begin XCConfigurationList section */
		5D8F1C5E254AE19000BA90A7 /* Build configuration list for PBXProject "Compiler" */ = {
			isa = XCConfigurationList;
			buildConfigurations = (
				5D8F1C68254AE19000BA90A7 /* Debug */,
				5D8F1C69254AE19000BA90A7 /* Release */,
			);
			defaultConfigurationIsVisible = 0;
			defaultConfigurationName = Release;
		};
		5D8F1C6A254AE19000BA90A7 /* Build configuration list for PBXNativeTarget "Compiler" */ = {
			isa = XCConfigurationList;
			buildConfigurations = (
				5D8F1C6B254AE19000BA90A7 /* Debug */,
				5D8F1C6C254AE19000BA90A7 /* Release */,
			);
			defaultConfigurationIsVisible = 0;
			defaultConfigurationName = Release;
		};
/* End XCConfigurationList section */
	};
	rootObject = 5D8F1C5B254AE19000BA90A7 /* Project object */;
}
