// !$*UTF8*$!
{
	archiveVersion = 1;
	classes = {
	};
	objectVersion = 50;
	objects = {

/* Begin PBXBuildFile section */
		5D6DA48E25320EA100B28005 /* Parser+ErrorExtension.swift in Sources */ = {isa = PBXBuildFile; fileRef = 5D6DA48D25320EA100B28005 /* Parser+ErrorExtension.swift */; };
		5DEEF69E251BBAA00060A4C2 /* AppDelegate.swift in Sources */ = {isa = PBXBuildFile; fileRef = 5DEEF69D251BBAA00060A4C2 /* AppDelegate.swift */; };
		5DEEF6A0251BBAA00060A4C2 /* SceneDelegate.swift in Sources */ = {isa = PBXBuildFile; fileRef = 5DEEF69F251BBAA00060A4C2 /* SceneDelegate.swift */; };
		5DEEF6A2251BBAA00060A4C2 /* ViewController.swift in Sources */ = {isa = PBXBuildFile; fileRef = 5DEEF6A1251BBAA00060A4C2 /* ViewController.swift */; };
		5DEEF6A5251BBAA00060A4C2 /* Main.storyboard in Resources */ = {isa = PBXBuildFile; fileRef = 5DEEF6A3251BBAA00060A4C2 /* Main.storyboard */; };
		5DEEF6A7251BBAA60060A4C2 /* Assets.xcassets in Resources */ = {isa = PBXBuildFile; fileRef = 5DEEF6A6251BBAA60060A4C2 /* Assets.xcassets */; };
		5DEEF6AA251BBAA60060A4C2 /* LaunchScreen.storyboard in Resources */ = {isa = PBXBuildFile; fileRef = 5DEEF6A8251BBAA60060A4C2 /* LaunchScreen.storyboard */; };
		5DEEF6B6251BEB240060A4C2 /* Structs.swift in Sources */ = {isa = PBXBuildFile; fileRef = 5DEEF6B5251BEB240060A4C2 /* Structs.swift */; };
		5DEEF6B9251BEB2E0060A4C2 /* Extensions.swift in Sources */ = {isa = PBXBuildFile; fileRef = 5DEEF6B8251BEB2E0060A4C2 /* Extensions.swift */; };
		5DEEF6BC251BECB10060A4C2 /* Lexer.swift in Sources */ = {isa = PBXBuildFile; fileRef = 5DEEF6BB251BECB10060A4C2 /* Lexer.swift */; };
		5DEEF6C3251BED880060A4C2 /* Parser.swift in Sources */ = {isa = PBXBuildFile; fileRef = 5DEEF6C2251BED880060A4C2 /* Parser.swift */; };
/* End PBXBuildFile section */

/* Begin PBXFileReference section */
		5D6DA48D25320EA100B28005 /* Parser+ErrorExtension.swift */ = {isa = PBXFileReference; lastKnownFileType = sourcecode.swift; path = "Parser+ErrorExtension.swift"; sourceTree = "<group>"; };
		5DEEF69A251BBAA00060A4C2 /* Compiler.app */ = {isa = PBXFileReference; explicitFileType = wrapper.application; includeInIndex = 0; path = Compiler.app; sourceTree = BUILT_PRODUCTS_DIR; };
		5DEEF69D251BBAA00060A4C2 /* AppDelegate.swift */ = {isa = PBXFileReference; lastKnownFileType = sourcecode.swift; path = AppDelegate.swift; sourceTree = "<group>"; };
		5DEEF69F251BBAA00060A4C2 /* SceneDelegate.swift */ = {isa = PBXFileReference; lastKnownFileType = sourcecode.swift; path = SceneDelegate.swift; sourceTree = "<group>"; };
		5DEEF6A1251BBAA00060A4C2 /* ViewController.swift */ = {isa = PBXFileReference; lastKnownFileType = sourcecode.swift; path = ViewController.swift; sourceTree = "<group>"; };
		5DEEF6A4251BBAA00060A4C2 /* Base */ = {isa = PBXFileReference; lastKnownFileType = file.storyboard; name = Base; path = Base.lproj/Main.storyboard; sourceTree = "<group>"; };
		5DEEF6A6251BBAA60060A4C2 /* Assets.xcassets */ = {isa = PBXFileReference; lastKnownFileType = folder.assetcatalog; path = Assets.xcassets; sourceTree = "<group>"; };
		5DEEF6A9251BBAA60060A4C2 /* Base */ = {isa = PBXFileReference; lastKnownFileType = file.storyboard; name = Base; path = Base.lproj/LaunchScreen.storyboard; sourceTree = "<group>"; };
		5DEEF6AB251BBAA60060A4C2 /* Info.plist */ = {isa = PBXFileReference; lastKnownFileType = text.plist.xml; path = Info.plist; sourceTree = "<group>"; };
		5DEEF6B5251BEB240060A4C2 /* Structs.swift */ = {isa = PBXFileReference; lastKnownFileType = sourcecode.swift; path = Structs.swift; sourceTree = "<group>"; };
		5DEEF6B8251BEB2E0060A4C2 /* Extensions.swift */ = {isa = PBXFileReference; lastKnownFileType = sourcecode.swift; path = Extensions.swift; sourceTree = "<group>"; };
		5DEEF6BB251BECB10060A4C2 /* Lexer.swift */ = {isa = PBXFileReference; lastKnownFileType = sourcecode.swift; path = Lexer.swift; sourceTree = "<group>"; };
		5DEEF6C2251BED880060A4C2 /* Parser.swift */ = {isa = PBXFileReference; lastKnownFileType = sourcecode.swift; path = Parser.swift; sourceTree = "<group>"; };
/* End PBXFileReference section */

/* Begin PBXFrameworksBuildPhase section */
		5DEEF697251BBAA00060A4C2 /* Frameworks */ = {
			isa = PBXFrameworksBuildPhase;
			buildActionMask = 2147483647;
			files = (
			);
			runOnlyForDeploymentPostprocessing = 0;
		};
/* End PBXFrameworksBuildPhase section */

/* Begin PBXGroup section */
		5DC81FA0251E48B500E520CC /* Compiler */ = {
			isa = PBXGroup;
			children = (
				5DEEF6BB251BECB10060A4C2 /* Lexer.swift */,
				5DEEF6C2251BED880060A4C2 /* Parser.swift */,
				5D6DA48D25320EA100B28005 /* Parser+ErrorExtension.swift */,
				5DEEF6B5251BEB240060A4C2 /* Structs.swift */,
				5DEEF6B8251BEB2E0060A4C2 /* Extensions.swift */,
			);
			path = Compiler;
			sourceTree = "<group>";
		};
		5DEEF691251BBAA00060A4C2 = {
			isa = PBXGroup;
			children = (
				5DEEF69C251BBAA00060A4C2 /* Compiler */,
				5DEEF69B251BBAA00060A4C2 /* Products */,
			);
			sourceTree = "<group>";
		};
		5DEEF69B251BBAA00060A4C2 /* Products */ = {
			isa = PBXGroup;
			children = (
				5DEEF69A251BBAA00060A4C2 /* Compiler.app */,
			);
			name = Products;
			sourceTree = "<group>";
		};
		5DEEF69C251BBAA00060A4C2 /* Compiler */ = {
			isa = PBXGroup;
			children = (
				5DEEF6C5251BEDE50060A4C2 /* Other */,
				5DEEF6A1251BBAA00060A4C2 /* ViewController.swift */,
				5DC81FA0251E48B500E520CC /* Compiler */,
				5DEEF6A6251BBAA60060A4C2 /* Assets.xcassets */,
				5DEEF6A8251BBAA60060A4C2 /* LaunchScreen.storyboard */,
				5DEEF6AB251BBAA60060A4C2 /* Info.plist */,
			);
			path = Compiler;
			sourceTree = "<group>";
		};
		5DEEF6C5251BEDE50060A4C2 /* Other */ = {
			isa = PBXGroup;
			children = (
				5DEEF69F251BBAA00060A4C2 /* SceneDelegate.swift */,
				5DEEF69D251BBAA00060A4C2 /* AppDelegate.swift */,
				5DEEF6A3251BBAA00060A4C2 /* Main.storyboard */,
			);
			path = Other;
			sourceTree = "<group>";
		};
/* End PBXGroup section */

/* Begin PBXNativeTarget section */
		5DEEF699251BBAA00060A4C2 /* Compiler */ = {
			isa = PBXNativeTarget;
			buildConfigurationList = 5DEEF6AE251BBAA60060A4C2 /* Build configuration list for PBXNativeTarget "Compiler" */;
			buildPhases = (
				5DEEF696251BBAA00060A4C2 /* Sources */,
				5DEEF697251BBAA00060A4C2 /* Frameworks */,
				5DEEF698251BBAA00060A4C2 /* Resources */,
			);
			buildRules = (
			);
			dependencies = (
			);
			name = Compiler;
			productName = Compiler;
			productReference = 5DEEF69A251BBAA00060A4C2 /* Compiler.app */;
			productType = "com.apple.product-type.application";
		};
/* End PBXNativeTarget section */

/* Begin PBXProject section */
		5DEEF692251BBAA00060A4C2 /* Project object */ = {
			isa = PBXProject;
			attributes = {
				LastSwiftUpdateCheck = 1200;
				LastUpgradeCheck = 1200;
				TargetAttributes = {
					5DEEF699251BBAA00060A4C2 = {
						CreatedOnToolsVersion = 12.0;
					};
				};
			};
			buildConfigurationList = 5DEEF695251BBAA00060A4C2 /* Build configuration list for PBXProject "Compiler" */;
			compatibilityVersion = "Xcode 9.3";
			developmentRegion = en;
			hasScannedForEncodings = 0;
			knownRegions = (
				en,
				Base,
			);
			mainGroup = 5DEEF691251BBAA00060A4C2;
			productRefGroup = 5DEEF69B251BBAA00060A4C2 /* Products */;
			projectDirPath = "";
			projectRoot = "";
			targets = (
				5DEEF699251BBAA00060A4C2 /* Compiler */,
			);
		};
/* End PBXProject section */

/* Begin PBXResourcesBuildPhase section */
		5DEEF698251BBAA00060A4C2 /* Resources */ = {
			isa = PBXResourcesBuildPhase;
			buildActionMask = 2147483647;
			files = (
				5DEEF6AA251BBAA60060A4C2 /* LaunchScreen.storyboard in Resources */,
				5DEEF6A7251BBAA60060A4C2 /* Assets.xcassets in Resources */,
				5DEEF6A5251BBAA00060A4C2 /* Main.storyboard in Resources */,
			);
			runOnlyForDeploymentPostprocessing = 0;
		};
/* End PBXResourcesBuildPhase section */

/* Begin PBXSourcesBuildPhase section */
		5DEEF696251BBAA00060A4C2 /* Sources */ = {
			isa = PBXSourcesBuildPhase;
			buildActionMask = 2147483647;
			files = (
				5DEEF6A2251BBAA00060A4C2 /* ViewController.swift in Sources */,
				5DEEF6BC251BECB10060A4C2 /* Lexer.swift in Sources */,
				5DEEF6B9251BEB2E0060A4C2 /* Extensions.swift in Sources */,
				5DEEF6B6251BEB240060A4C2 /* Structs.swift in Sources */,
				5DEEF6C3251BED880060A4C2 /* Parser.swift in Sources */,
				5D6DA48E25320EA100B28005 /* Parser+ErrorExtension.swift in Sources */,
				5DEEF69E251BBAA00060A4C2 /* AppDelegate.swift in Sources */,
				5DEEF6A0251BBAA00060A4C2 /* SceneDelegate.swift in Sources */,
			);
			runOnlyForDeploymentPostprocessing = 0;
		};
/* End PBXSourcesBuildPhase section */

/* Begin PBXVariantGroup section */
		5DEEF6A3251BBAA00060A4C2 /* Main.storyboard */ = {
			isa = PBXVariantGroup;
			children = (
				5DEEF6A4251BBAA00060A4C2 /* Base */,
			);
			name = Main.storyboard;
			sourceTree = "<group>";
		};
		5DEEF6A8251BBAA60060A4C2 /* LaunchScreen.storyboard */ = {
			isa = PBXVariantGroup;
			children = (
				5DEEF6A9251BBAA60060A4C2 /* Base */,
			);
			name = LaunchScreen.storyboard;
			sourceTree = "<group>";
		};
/* End PBXVariantGroup section */

/* Begin XCBuildConfiguration section */
		5DEEF6AC251BBAA60060A4C2 /* Debug */ = {
			isa = XCBuildConfiguration;
			buildSettings = {
				ALWAYS_SEARCH_USER_PATHS = NO;
				CLANG_ANALYZER_NONNULL = YES;
				CLANG_ANALYZER_NUMBER_OBJECT_CONVERSION = YES_AGGRESSIVE;
				CLANG_CXX_LANGUAGE_STANDARD = "gnu++14";
				CLANG_CXX_LIBRARY = "libc++";
				CLANG_ENABLE_MODULES = YES;
				CLANG_ENABLE_OBJC_ARC = YES;
				CLANG_ENABLE_OBJC_WEAK = YES;
				CLANG_WARN_BLOCK_CAPTURE_AUTORELEASING = YES;
				CLANG_WARN_BOOL_CONVERSION = YES;
				CLANG_WARN_COMMA = YES;
				CLANG_WARN_CONSTANT_CONVERSION = YES;
				CLANG_WARN_DEPRECATED_OBJC_IMPLEMENTATIONS = YES;
				CLANG_WARN_DIRECT_OBJC_ISA_USAGE = YES_ERROR;
				CLANG_WARN_DOCUMENTATION_COMMENTS = YES;
				CLANG_WARN_EMPTY_BODY = YES;
				CLANG_WARN_ENUM_CONVERSION = YES;
				CLANG_WARN_INFINITE_RECURSION = YES;
				CLANG_WARN_INT_CONVERSION = YES;
				CLANG_WARN_NON_LITERAL_NULL_CONVERSION = YES;
				CLANG_WARN_OBJC_IMPLICIT_RETAIN_SELF = YES;
				CLANG_WARN_OBJC_LITERAL_CONVERSION = YES;
				CLANG_WARN_OBJC_ROOT_CLASS = YES_ERROR;
				CLANG_WARN_QUOTED_INCLUDE_IN_FRAMEWORK_HEADER = YES;
				CLANG_WARN_RANGE_LOOP_ANALYSIS = YES;
				CLANG_WARN_STRICT_PROTOTYPES = YES;
				CLANG_WARN_SUSPICIOUS_MOVE = YES;
				CLANG_WARN_UNGUARDED_AVAILABILITY = YES_AGGRESSIVE;
				CLANG_WARN_UNREACHABLE_CODE = YES;
				CLANG_WARN__DUPLICATE_METHOD_MATCH = YES;
				COPY_PHASE_STRIP = NO;
				DEBUG_INFORMATION_FORMAT = dwarf;
				ENABLE_STRICT_OBJC_MSGSEND = YES;
				ENABLE_TESTABILITY = YES;
				GCC_C_LANGUAGE_STANDARD = gnu11;
				GCC_DYNAMIC_NO_PIC = NO;
				GCC_NO_COMMON_BLOCKS = YES;
				GCC_OPTIMIZATION_LEVEL = 0;
				GCC_PREPROCESSOR_DEFINITIONS = (
					"DEBUG=1",
					"$(inherited)",
				);
				GCC_WARN_64_TO_32_BIT_CONVERSION = YES;
				GCC_WARN_ABOUT_RETURN_TYPE = YES_ERROR;
				GCC_WARN_UNDECLARED_SELECTOR = YES;
				GCC_WARN_UNINITIALIZED_AUTOS = YES_AGGRESSIVE;
				GCC_WARN_UNUSED_FUNCTION = YES;
				GCC_WARN_UNUSED_VARIABLE = YES;
				IPHONEOS_DEPLOYMENT_TARGET = 14.0;
				MTL_ENABLE_DEBUG_INFO = INCLUDE_SOURCE;
				MTL_FAST_MATH = YES;
				ONLY_ACTIVE_ARCH = YES;
				SDKROOT = iphoneos;
				SWIFT_ACTIVE_COMPILATION_CONDITIONS = DEBUG;
				SWIFT_OPTIMIZATION_LEVEL = "-Onone";
			};
			name = Debug;
		};
		5DEEF6AD251BBAA60060A4C2 /* Release */ = {
			isa = XCBuildConfiguration;
			buildSettings = {
				ALWAYS_SEARCH_USER_PATHS = NO;
				CLANG_ANALYZER_NONNULL = YES;
				CLANG_ANALYZER_NUMBER_OBJECT_CONVERSION = YES_AGGRESSIVE;
				CLANG_CXX_LANGUAGE_STANDARD = "gnu++14";
				CLANG_CXX_LIBRARY = "libc++";
				CLANG_ENABLE_MODULES = YES;
				CLANG_ENABLE_OBJC_ARC = YES;
				CLANG_ENABLE_OBJC_WEAK = YES;
				CLANG_WARN_BLOCK_CAPTURE_AUTORELEASING = YES;
				CLANG_WARN_BOOL_CONVERSION = YES;
				CLANG_WARN_COMMA = YES;
				CLANG_WARN_CONSTANT_CONVERSION = YES;
				CLANG_WARN_DEPRECATED_OBJC_IMPLEMENTATIONS = YES;
				CLANG_WARN_DIRECT_OBJC_ISA_USAGE = YES_ERROR;
				CLANG_WARN_DOCUMENTATION_COMMENTS = YES;
				CLANG_WARN_EMPTY_BODY = YES;
				CLANG_WARN_ENUM_CONVERSION = YES;
				CLANG_WARN_INFINITE_RECURSION = YES;
				CLANG_WARN_INT_CONVERSION = YES;
				CLANG_WARN_NON_LITERAL_NULL_CONVERSION = YES;
				CLANG_WARN_OBJC_IMPLICIT_RETAIN_SELF = YES;
				CLANG_WARN_OBJC_LITERAL_CONVERSION = YES;
				CLANG_WARN_OBJC_ROOT_CLASS = YES_ERROR;
				CLANG_WARN_QUOTED_INCLUDE_IN_FRAMEWORK_HEADER = YES;
				CLANG_WARN_RANGE_LOOP_ANALYSIS = YES;
				CLANG_WARN_STRICT_PROTOTYPES = YES;
				CLANG_WARN_SUSPICIOUS_MOVE = YES;
				CLANG_WARN_UNGUARDED_AVAILABILITY = YES_AGGRESSIVE;
				CLANG_WARN_UNREACHABLE_CODE = YES;
				CLANG_WARN__DUPLICATE_METHOD_MATCH = YES;
				COPY_PHASE_STRIP = NO;
				DEBUG_INFORMATION_FORMAT = "dwarf-with-dsym";
				ENABLE_NS_ASSERTIONS = NO;
				ENABLE_STRICT_OBJC_MSGSEND = YES;
				GCC_C_LANGUAGE_STANDARD = gnu11;
				GCC_NO_COMMON_BLOCKS = YES;
				GCC_WARN_64_TO_32_BIT_CONVERSION = YES;
				GCC_WARN_ABOUT_RETURN_TYPE = YES_ERROR;
				GCC_WARN_UNDECLARED_SELECTOR = YES;
				GCC_WARN_UNINITIALIZED_AUTOS = YES_AGGRESSIVE;
				GCC_WARN_UNUSED_FUNCTION = YES;
				GCC_WARN_UNUSED_VARIABLE = YES;
				IPHONEOS_DEPLOYMENT_TARGET = 14.0;
				MTL_ENABLE_DEBUG_INFO = NO;
				MTL_FAST_MATH = YES;
				SDKROOT = iphoneos;
				SWIFT_COMPILATION_MODE = wholemodule;
				SWIFT_OPTIMIZATION_LEVEL = "-O";
				VALIDATE_PRODUCT = YES;
			};
			name = Release;
		};
		5DEEF6AF251BBAA60060A4C2 /* Debug */ = {
			isa = XCBuildConfiguration;
			buildSettings = {
				ASSETCATALOG_COMPILER_APPICON_NAME = AppIcon;
				ASSETCATALOG_COMPILER_GLOBAL_ACCENT_COLOR_NAME = AccentColor;
				CODE_SIGN_STYLE = Automatic;
				DEVELOPMENT_TEAM = 7KFHN9UQ5P;
				INFOPLIST_FILE = Compiler/Info.plist;
				LD_RUNPATH_SEARCH_PATHS = (
					"$(inherited)",
					"@executable_path/Frameworks",
				);
				PRODUCT_BUNDLE_IDENTIFIER = Holovash.Compiler;
				PRODUCT_NAME = "$(TARGET_NAME)";
				SWIFT_VERSION = 5.0;
				TARGETED_DEVICE_FAMILY = "1,2";
			};
			name = Debug;
		};
		5DEEF6B0251BBAA60060A4C2 /* Release */ = {
			isa = XCBuildConfiguration;
			buildSettings = {
				ASSETCATALOG_COMPILER_APPICON_NAME = AppIcon;
				ASSETCATALOG_COMPILER_GLOBAL_ACCENT_COLOR_NAME = AccentColor;
				CODE_SIGN_STYLE = Automatic;
				DEVELOPMENT_TEAM = 7KFHN9UQ5P;
				INFOPLIST_FILE = Compiler/Info.plist;
				LD_RUNPATH_SEARCH_PATHS = (
					"$(inherited)",
					"@executable_path/Frameworks",
				);
				PRODUCT_BUNDLE_IDENTIFIER = Holovash.Compiler;
				PRODUCT_NAME = "$(TARGET_NAME)";
				SWIFT_VERSION = 5.0;
				TARGETED_DEVICE_FAMILY = "1,2";
			};
			name = Release;
		};
/* End XCBuildConfiguration section */

/* Begin XCConfigurationList section */
		5DEEF695251BBAA00060A4C2 /* Build configuration list for PBXProject "Compiler" */ = {
			isa = XCConfigurationList;
			buildConfigurations = (
				5DEEF6AC251BBAA60060A4C2 /* Debug */,
				5DEEF6AD251BBAA60060A4C2 /* Release */,
			);
			defaultConfigurationIsVisible = 0;
			defaultConfigurationName = Release;
		};
		5DEEF6AE251BBAA60060A4C2 /* Build configuration list for PBXNativeTarget "Compiler" */ = {
			isa = XCConfigurationList;
			buildConfigurations = (
				5DEEF6AF251BBAA60060A4C2 /* Debug */,
				5DEEF6B0251BBAA60060A4C2 /* Release */,
			);
			defaultConfigurationIsVisible = 0;
			defaultConfigurationName = Release;
		};
/* End XCConfigurationList section */
	};
	rootObject = 5DEEF692251BBAA00060A4C2 /* Project object */;
}
